
Microsoft Visual Studio Solution File, Format Version 12.00
# Visual Studio Version 17
VisualStudioVersion = 17.7.34202.233
MinimumVisualStudioVersion = 10.0.40219.1
Project("{FAE04EC0-301F-11D3-BF4B-00C04F79EFBC}") = "2023_WpfApp3", "2023_WpfApp3\2023_WpfApp3.csproj", "{5B982810-DB59-4B5D-A30D-DCF89F0FFFE9}"
EndProject
Global
	GlobalSection(SolutionConfigurationPlatforms) = preSolution
		Debug|Any CPU = Debug|Any CPU
		Release|Any CPU = Release|Any CPU
	EndGlobalSection
	GlobalSection(ProjectConfigurationPlatforms) = postSolution
		{5B982810-DB59-4B5D-A30D-DCF89F0FFFE9}.Debug|Any CPU.ActiveCfg = Debug|Any CPU
		{5B982810-DB59-4B5D-A30D-DCF89F0FFFE9}.Debug|Any CPU.Build.0 = Debug|Any CPU
		{5B982810-DB59-4B5D-A30D-DCF89F0FFFE9}.Release|Any CPU.ActiveCfg = Release|Any CPU
		{5B982810-DB59-4B5D-A30D-DCF89F0FFFE9}.Release|Any CPU.Build.0 = Release|Any CPU
	EndGlobalSection
	GlobalSection(SolutionProperties) = preSolution
		HideSolutionNode = FALSE
	EndGlobalSection
	GlobalSection(ExtensibilityGlobals) = postSolution
		SolutionGuid = {7718F2EA-2DC4-47DF-9B7E-4C93316FF71F}
	EndGlobalSection
EndGlobal
